
Microsoft Visual Studio Solution File, Format Version 12.00
# Visual Studio 15
VisualStudioVersion = 15.0.28307.136
MinimumVisualStudioVersion = 10.0.40219.1
Project("{FAE04EC0-301F-11D3-BF4B-00C04F79EFBC}") = "XamarinTSP.Android", "XamarinTSP\XamarinTSP.Android\XamarinTSP.Android.csproj", "{D69A96D2-3E88-4254-A8EC-0D4E6821DCB5}"
EndProject
Project("{9A19103F-16F7-4668-BE54-9A1E7A4F7556}") = "XamarinTSP", "XamarinTSP\XamarinTSP\XamarinTSP.csproj", "{FBE6E465-DDBA-432C-B6DC-6459D155F9EF}"
EndProject
Global
	GlobalSection(SolutionConfigurationPlatforms) = preSolution
		Debug|Any CPU = Debug|Any CPU
		Release|Any CPU = Release|Any CPU
	EndGlobalSection
	GlobalSection(ProjectConfigurationPlatforms) = postSolution
		{D69A96D2-3E88-4254-A8EC-0D4E6821DCB5}.Debug|Any CPU.ActiveCfg = Debug|Any CPU
		{D69A96D2-3E88-4254-A8EC-0D4E6821DCB5}.Debug|Any CPU.Build.0 = Debug|Any CPU
		{D69A96D2-3E88-4254-A8EC-0D4E6821DCB5}.Debug|Any CPU.Deploy.0 = Debug|Any CPU
		{D69A96D2-3E88-4254-A8EC-0D4E6821DCB5}.Release|Any CPU.ActiveCfg = Release|Any CPU
		{D69A96D2-3E88-4254-A8EC-0D4E6821DCB5}.Release|Any CPU.Build.0 = Release|Any CPU
		{D69A96D2-3E88-4254-A8EC-0D4E6821DCB5}.Release|Any CPU.Deploy.0 = Release|Any CPU
		{FBE6E465-DDBA-432C-B6DC-6459D155F9EF}.Debug|Any CPU.ActiveCfg = Debug|Any CPU
		{FBE6E465-DDBA-432C-B6DC-6459D155F9EF}.Debug|Any CPU.Build.0 = Debug|Any CPU
		{FBE6E465-DDBA-432C-B6DC-6459D155F9EF}.Debug|Any CPU.Deploy.0 = Debug|Any CPU
		{FBE6E465-DDBA-432C-B6DC-6459D155F9EF}.Release|Any CPU.ActiveCfg = Release|Any CPU
		{FBE6E465-DDBA-432C-B6DC-6459D155F9EF}.Release|Any CPU.Build.0 = Release|Any CPU
		{FBE6E465-DDBA-432C-B6DC-6459D155F9EF}.Release|Any CPU.Deploy.0 = Release|Any CPU
	EndGlobalSection
	GlobalSection(SolutionProperties) = preSolution
		HideSolutionNode = FALSE
	EndGlobalSection
	GlobalSection(ExtensibilityGlobals) = postSolution
		SolutionGuid = {9BE9A157-1A81-468B-B2B3-B55A71069274}
	EndGlobalSection
EndGlobal
